// !$*UTF8*$!
{
	archiveVersion = 1;
	classes = {
	};
	objectVersion = 46;
	objects = {

/* Begin PBXBuildFile section */
		336AF192D701271C60692D06 /* libPods.a in Frameworks */ = {isa = PBXBuildFile; fileRef = C52538AF393EDAD908B6AFD7 /* libPods.a */; };
		C9A718301A467842002A8824 /* main.m in Sources */ = {isa = PBXBuildFile; fileRef = C9A7182F1A467842002A8824 /* main.m */; };
		C9A718331A467842002A8824 /* AppDelegate.m in Sources */ = {isa = PBXBuildFile; fileRef = C9A718321A467842002A8824 /* AppDelegate.m */; };
		C9A718361A467842002A8824 /* ViewController.m in Sources */ = {isa = PBXBuildFile; fileRef = C9A718351A467842002A8824 /* ViewController.m */; };
		C9A718391A467842002A8824 /* Main.storyboard in Resources */ = {isa = PBXBuildFile; fileRef = C9A718371A467842002A8824 /* Main.storyboard */; };
		C9A7183B1A467842002A8824 /* Images.xcassets in Resources */ = {isa = PBXBuildFile; fileRef = C9A7183A1A467842002A8824 /* Images.xcassets */; };
		C9A7183E1A467842002A8824 /* LaunchScreen.xib in Resources */ = {isa = PBXBuildFile; fileRef = C9A7183C1A467842002A8824 /* LaunchScreen.xib */; };
		C9A7184A1A467842002A8824 /* MCBouncyButtonExampleTests.m in Sources */ = {isa = PBXBuildFile; fileRef = C9A718491A467842002A8824 /* MCBouncyButtonExampleTests.m */; };
		C9A718541A467C1F002A8824 /* pen.png in Resources */ = {isa = PBXBuildFile; fileRef = C9A718531A467C1F002A8824 /* pen.png */; };
/* End PBXBuildFile section */

/* Begin PBXContainerItemProxy section */
		C9A718441A467842002A8824 /* PBXContainerItemProxy */ = {
			isa = PBXContainerItemProxy;
			containerPortal = C9A718221A467842002A8824 /* Project object */;
			proxyType = 1;
			remoteGlobalIDString = C9A718291A467842002A8824;
			remoteInfo = MCBouncyButtonExample;
		};
/* End PBXContainerItemProxy section */

/* Begin PBXFileReference section */
		2CD4427546863DE673BB9786 /* Pods.debug.xcconfig */ = {isa = PBXFileReference; includeInIndex = 1; lastKnownFileType = text.xcconfig; name = Pods.debug.xcconfig; path = "Pods/Target Support Files/Pods/Pods.debug.xcconfig"; sourceTree = "<group>"; };
		6F5936903E22E41AFE2873D7 /* Pods.release.xcconfig */ = {isa = PBXFileReference; includeInIndex = 1; lastKnownFileType = text.xcconfig; name = Pods.release.xcconfig; path = "Pods/Target Support Files/Pods/Pods.release.xcconfig"; sourceTree = "<group>"; };
		C52538AF393EDAD908B6AFD7 /* libPods.a */ = {isa = PBXFileReference; explicitFileType = archive.ar; includeInIndex = 0; path = libPods.a; sourceTree = BUILT_PRODUCTS_DIR; };
		C9A7182A1A467842002A8824 /* MCBouncyButtonExample.app */ = {isa = PBXFileReference; explicitFileType = wrapper.application; includeInIndex = 0; path = MCBouncyButtonExample.app; sourceTree = BUILT_PRODUCTS_DIR; };
		C9A7182E1A467842002A8824 /* Info.plist */ = {isa = PBXFileReference; lastKnownFileType = text.plist.xml; path = Info.plist; sourceTree = "<group>"; };
		C9A7182F1A467842002A8824 /* main.m */ = {isa = PBXFileReference; lastKnownFileType = sourcecode.c.objc; path = main.m; sourceTree = "<group>"; };
		C9A718311A467842002A8824 /* AppDelegate.h */ = {isa = PBXFileReference; lastKnownFileType = sourcecode.c.h; path = AppDelegate.h; sourceTree = "<group>"; };
		C9A718321A467842002A8824 /* AppDelegate.m */ = {isa = PBXFileReference; lastKnownFileType = sourcecode.c.objc; path = AppDelegate.m; sourceTree = "<group>"; };
		C9A718341A467842002A8824 /* ViewController.h */ = {isa = PBXFileReference; lastKnownFileType = sourcecode.c.h; path = ViewController.h; sourceTree = "<group>"; };
		C9A718351A467842002A8824 /* ViewController.m */ = {isa = PBXFileReference; lastKnownFileType = sourcecode.c.objc; path = ViewController.m; sourceTree = "<group>"; };
		C9A718381A467842002A8824 /* Base */ = {isa = PBXFileReference; lastKnownFileType = file.storyboard; name = Base; path = Base.lproj/Main.storyboard; sourceTree = "<group>"; };
		C9A7183A1A467842002A8824 /* Images.xcassets */ = {isa = PBXFileReference; lastKnownFileType = folder.assetcatalog; path = Images.xcassets; sourceTree = "<group>"; };
		C9A7183D1A467842002A8824 /* Base */ = {isa = PBXFileReference; lastKnownFileType = file.xib; name = Base; path = Base.lproj/LaunchScreen.xib; sourceTree = "<group>"; };
		C9A718431A467842002A8824 /* MCBouncyButtonExampleTests.xctest */ = {isa = PBXFileReference; explicitFileType = wrapper.cfbundle; includeInIndex = 0; path = MCBouncyButtonExampleTests.xctest; sourceTree = BUILT_PRODUCTS_DIR; };
		C9A718481A467842002A8824 /* Info.plist */ = {isa = PBXFileReference; lastKnownFileType = text.plist.xml; path = Info.plist; sourceTree = "<group>"; };
		C9A718491A467842002A8824 /* MCBouncyButtonExampleTests.m */ = {isa = PBXFileReference; lastKnownFileType = sourcecode.c.objc; path = MCBouncyButtonExampleTests.m; sourceTree = "<group>"; };
		C9A718531A467C1F002A8824 /* pen.png */ = {isa = PBXFileReference; lastKnownFileType = image.png; path = pen.png; sourceTree = "<group>"; };
/* End PBXFileReference section */

/* Begin PBXFrameworksBuildPhase section */
		C9A718271A467842002A8824 /* Frameworks */ = {
			isa = PBXFrameworksBuildPhase;
			buildActionMask = 2147483647;
			files = (
				336AF192D701271C60692D06 /* libPods.a in Frameworks */,
			);
			runOnlyForDeploymentPostprocessing = 0;
		};
		C9A718401A467842002A8824 /* Frameworks */ = {
			isa = PBXFrameworksBuildPhase;
			buildActionMask = 2147483647;
			files = (
			);
			runOnlyForDeploymentPostprocessing = 0;
		};
/* End PBXFrameworksBuildPhase section */

/* Begin PBXGroup section */
		3284522A5A0FD02A8FF2043C /* Frameworks */ = {
			isa = PBXGroup;
			children = (
				C52538AF393EDAD908B6AFD7 /* libPods.a */,
			);
			name = Frameworks;
			sourceTree = "<group>";
		};
		A6CE738CE286AE8B5ACA4C01 /* Pods */ = {
			isa = PBXGroup;
			children = (
				2CD4427546863DE673BB9786 /* Pods.debug.xcconfig */,
				6F5936903E22E41AFE2873D7 /* Pods.release.xcconfig */,
			);
			name = Pods;
			sourceTree = "<group>";
		};
		C9A718211A467842002A8824 = {
			isa = PBXGroup;
			children = (
				C9A7182C1A467842002A8824 /* MCBouncyButtonExample */,
				C9A718461A467842002A8824 /* MCBouncyButtonExampleTests */,
				C9A7182B1A467842002A8824 /* Products */,
				A6CE738CE286AE8B5ACA4C01 /* Pods */,
				3284522A5A0FD02A8FF2043C /* Frameworks */,
			);
			sourceTree = "<group>";
		};
		C9A7182B1A467842002A8824 /* Products */ = {
			isa = PBXGroup;
			children = (
				C9A7182A1A467842002A8824 /* MCBouncyButtonExample.app */,
				C9A718431A467842002A8824 /* MCBouncyButtonExampleTests.xctest */,
			);
			name = Products;
			sourceTree = "<group>";
		};
		C9A7182C1A467842002A8824 /* MCBouncyButtonExample */ = {
			isa = PBXGroup;
			children = (
				C9A718531A467C1F002A8824 /* pen.png */,
				C9A718311A467842002A8824 /* AppDelegate.h */,
				C9A718321A467842002A8824 /* AppDelegate.m */,
				C9A718341A467842002A8824 /* ViewController.h */,
				C9A718351A467842002A8824 /* ViewController.m */,
				C9A718371A467842002A8824 /* Main.storyboard */,
				C9A7183A1A467842002A8824 /* Images.xcassets */,
				C9A7183C1A467842002A8824 /* LaunchScreen.xib */,
				C9A7182D1A467842002A8824 /* Supporting Files */,
			);
			path = MCBouncyButtonExample;
			sourceTree = "<group>";
		};
		C9A7182D1A467842002A8824 /* Supporting Files */ = {
			isa = PBXGroup;
			children = (
				C9A7182E1A467842002A8824 /* Info.plist */,
				C9A7182F1A467842002A8824 /* main.m */,
			);
			name = "Supporting Files";
			sourceTree = "<group>";
		};
		C9A718461A467842002A8824 /* MCBouncyButtonExampleTests */ = {
			isa = PBXGroup;
			children = (
				C9A718491A467842002A8824 /* MCBouncyButtonExampleTests.m */,
				C9A718471A467842002A8824 /* Supporting Files */,
			);
			path = MCBouncyButtonExampleTests;
			sourceTree = "<group>";
		};
		C9A718471A467842002A8824 /* Supporting Files */ = {
			isa = PBXGroup;
			children = (
				C9A718481A467842002A8824 /* Info.plist */,
			);
			name = "Supporting Files";
			sourceTree = "<group>";
		};
/* End PBXGroup section */

/* Begin PBXNativeTarget section */
		C9A718291A467842002A8824 /* MCBouncyButtonExample */ = {
			isa = PBXNativeTarget;
			buildConfigurationList = C9A7184D1A467842002A8824 /* Build configuration list for PBXNativeTarget "MCBouncyButtonExample" */;
			buildPhases = (
				D817B2439EED8FA963F2605A /* Check Pods Manifest.lock */,
				C9A718261A467842002A8824 /* Sources */,
				C9A718271A467842002A8824 /* Frameworks */,
				C9A718281A467842002A8824 /* Resources */,
				807DA2DAD86A5E41554F7A5B /* Copy Pods Resources */,
			);
			buildRules = (
			);
			dependencies = (
			);
			name = MCBouncyButtonExample;
			productName = MCBouncyButtonExample;
			productReference = C9A7182A1A467842002A8824 /* MCBouncyButtonExample.app */;
			productType = "com.apple.product-type.application";
		};
		C9A718421A467842002A8824 /* MCBouncyButtonExampleTests */ = {
			isa = PBXNativeTarget;
			buildConfigurationList = C9A718501A467842002A8824 /* Build configuration list for PBXNativeTarget "MCBouncyButtonExampleTests" */;
			buildPhases = (
				C9A7183F1A467842002A8824 /* Sources */,
				C9A718401A467842002A8824 /* Frameworks */,
				C9A718411A467842002A8824 /* Resources */,
			);
			buildRules = (
			);
			dependencies = (
				C9A718451A467842002A8824 /* PBXTargetDependency */,
			);
			name = MCBouncyButtonExampleTests;
			productName = MCBouncyButtonExampleTests;
			productReference = C9A718431A467842002A8824 /* MCBouncyButtonExampleTests.xctest */;
			productType = "com.apple.product-type.bundle.unit-test";
		};
/* End PBXNativeTarget section */

/* Begin PBXProject section */
		C9A718221A467842002A8824 /* Project object */ = {
			isa = PBXProject;
			attributes = {
				LastUpgradeCheck = 0610;
				ORGANIZATIONNAME = Shrugs;
				TargetAttributes = {
					C9A718291A467842002A8824 = {
						CreatedOnToolsVersion = 6.1.1;
					};
					C9A718421A467842002A8824 = {
						CreatedOnToolsVersion = 6.1.1;
						TestTargetID = C9A718291A467842002A8824;
					};
				};
			};
			buildConfigurationList = C9A718251A467842002A8824 /* Build configuration list for PBXProject "MCBouncyButtonExample" */;
			compatibilityVersion = "Xcode 3.2";
			developmentRegion = English;
			hasScannedForEncodings = 0;
			knownRegions = (
				en,
				Base,
			);
			mainGroup = C9A718211A467842002A8824;
			productRefGroup = C9A7182B1A467842002A8824 /* Products */;
			projectDirPath = "";
			projectRoot = "";
			targets = (
				C9A718291A467842002A8824 /* MCBouncyButtonExample */,
				C9A718421A467842002A8824 /* MCBouncyButtonExampleTests */,
			);
		};
/* End PBXProject section */

/* Begin PBXResourcesBuildPhase section */
		C9A718281A467842002A8824 /* Resources */ = {
			isa = PBXResourcesBuildPhase;
			buildActionMask = 2147483647;
			files = (
				C9A718391A467842002A8824 /* Main.storyboard in Resources */,
				C9A718541A467C1F002A8824 /* pen.png in Resources */,
				C9A7183E1A467842002A8824 /* LaunchScreen.xib in Resources */,
				C9A7183B1A467842002A8824 /* Images.xcassets in Resources */,
			);
			runOnlyForDeploymentPostprocessing = 0;
		};
		C9A718411A467842002A8824 /* Resources */ = {
			isa = PBXResourcesBuildPhase;
			buildActionMask = 2147483647;
			files = (
			);
			runOnlyForDeploymentPostprocessing = 0;
		};
/* End PBXResourcesBuildPhase section */

/* Begin PBXShellScriptBuildPhase section */
		807DA2DAD86A5E41554F7A5B /* Copy Pods Resources */ = {
			isa = PBXShellScriptBuildPhase;
			buildActionMask = 2147483647;
			files = (
			);
			inputPaths = (
			);
			name = "Copy Pods Resources";
			outputPaths = (
			);
			runOnlyForDeploymentPostprocessing = 0;
			shellPath = /bin/sh;
			shellScript = "\"${SRCROOT}/Pods/Target Support Files/Pods/Pods-resources.sh\"\n";
			showEnvVarsInLog = 0;
		};
		D817B2439EED8FA963F2605A /* Check Pods Manifest.lock */ = {
			isa = PBXShellScriptBuildPhase;
			buildActionMask = 2147483647;
			files = (
			);
			inputPaths = (
			);
			name = "Check Pods Manifest.lock";
			outputPaths = (
			);
			runOnlyForDeploymentPostprocessing = 0;
			shellPath = /bin/sh;
			shellScript = "diff \"${PODS_ROOT}/../Podfile.lock\" \"${PODS_ROOT}/Manifest.lock\" > /dev/null\nif [[ $? != 0 ]] ; then\n    cat << EOM\nerror: The sandbox is not in sync with the Podfile.lock. Run 'pod install' or update your CocoaPods installation.\nEOM\n    exit 1\nfi\n";
			showEnvVarsInLog = 0;
		};
/* End PBXShellScriptBuildPhase section */

/* Begin PBXSourcesBuildPhase section */
		C9A718261A467842002A8824 /* Sources */ = {
			isa = PBXSourcesBuildPhase;
			buildActionMask = 2147483647;
			files = (
				C9A718361A467842002A8824 /* ViewController.m in Sources */,
				C9A718331A467842002A8824 /* AppDelegate.m in Sources */,
				C9A718301A467842002A8824 /* main.m in Sources */,
			);
			runOnlyForDeploymentPostprocessing = 0;
		};
		C9A7183F1A467842002A8824 /* Sources */ = {
			isa = PBXSourcesBuildPhase;
			buildActionMask = 2147483647;
			files = (
				C9A7184A1A467842002A8824 /* MCBouncyButtonExampleTests.m in Sources */,
			);
			runOnlyForDeploymentPostprocessing = 0;
		};
/* End PBXSourcesBuildPhase section */

/* Begin PBXTargetDependency section */
		C9A718451A467842002A8824 /* PBXTargetDependency */ = {
			isa = PBXTargetDependency;
			target = C9A718291A467842002A8824 /* MCBouncyButtonExample */;
			targetProxy = C9A718441A467842002A8824 /* PBXContainerItemProxy */;
		};
/* End PBXTargetDependency section */

/* Begin PBXVariantGroup section */
		C9A718371A467842002A8824 /* Main.storyboard */ = {
			isa = PBXVariantGroup;
			children = (
				C9A718381A467842002A8824 /* Base */,
			);
			name = Main.storyboard;
			sourceTree = "<group>";
		};
		C9A7183C1A467842002A8824 /* LaunchScreen.xib */ = {
			isa = PBXVariantGroup;
			children = (
				C9A7183D1A467842002A8824 /* Base */,
			);
			name = LaunchScreen.xib;
			sourceTree = "<group>";
		};
/* End PBXVariantGroup section */

/* Begin XCBuildConfiguration section */
		C9A7184B1A467842002A8824 /* Debug */ = {
			isa = XCBuildConfiguration;
			buildSettings = {
				ALWAYS_SEARCH_USER_PATHS = NO;
				CLANG_CXX_LANGUAGE_STANDARD = "gnu++0x";
				CLANG_CXX_LIBRARY = "libc++";
				CLANG_ENABLE_MODULES = YES;
				CLANG_ENABLE_OBJC_ARC = YES;
				CLANG_WARN_BOOL_CONVERSION = YES;
				CLANG_WARN_CONSTANT_CONVERSION = YES;
				CLANG_WARN_DIRECT_OBJC_ISA_USAGE = YES_ERROR;
				CLANG_WARN_EMPTY_BODY = YES;
				CLANG_WARN_ENUM_CONVERSION = YES;
				CLANG_WARN_INT_CONVERSION = YES;
				CLANG_WARN_OBJC_ROOT_CLASS = YES_ERROR;
				CLANG_WARN_UNREACHABLE_CODE = YES;
				CLANG_WARN__DUPLICATE_METHOD_MATCH = YES;
				"CODE_SIGN_IDENTITY[sdk=iphoneos*]" = "iPhone Developer";
				COPY_PHASE_STRIP = NO;
				ENABLE_STRICT_OBJC_MSGSEND = YES;
				GCC_C_LANGUAGE_STANDARD = gnu99;
				GCC_DYNAMIC_NO_PIC = NO;
				GCC_OPTIMIZATION_LEVEL = 0;
				GCC_PREPROCESSOR_DEFINITIONS = (
					"DEBUG=1",
					"$(inherited)",
				);
				GCC_SYMBOLS_PRIVATE_EXTERN = NO;
				GCC_WARN_64_TO_32_BIT_CONVERSION = YES;
				GCC_WARN_ABOUT_RETURN_TYPE = YES_ERROR;
				GCC_WARN_UNDECLARED_SELECTOR = YES;
				GCC_WARN_UNINITIALIZED_AUTOS = YES_AGGRESSIVE;
				GCC_WARN_UNUSED_FUNCTION = YES;
				GCC_WARN_UNUSED_VARIABLE = YES;
				IPHONEOS_DEPLOYMENT_TARGET = 8.1;
				MTL_ENABLE_DEBUG_INFO = YES;
				ONLY_ACTIVE_ARCH = YES;
				SDKROOT = iphoneos;
			};
			name = Debug;
		};
		C9A7184C1A467842002A8824 /* Release */ = {
			isa = XCBuildConfiguration;
			buildSettings = {
				ALWAYS_SEARCH_USER_PATHS = NO;
				CLANG_CXX_LANGUAGE_STANDARD = "gnu++0x";
				CLANG_CXX_LIBRARY = "libc++";
				CLANG_ENABLE_MODULES = YES;
				CLANG_ENABLE_OBJC_ARC = YES;
				CLANG_WARN_BOOL_CONVERSION = YES;
				CLANG_WARN_CONSTANT_CONVERSION = YES;
				CLANG_WARN_DIRECT_OBJC_ISA_USAGE = YES_ERROR;
				CLANG_WARN_EMPTY_BODY = YES;
				CLANG_WARN_ENUM_CONVERSION = YES;
				CLANG_WARN_INT_CONVERSION = YES;
				CLANG_WARN_OBJC_ROOT_CLASS = YES_ERROR;
				CLANG_WARN_UNREACHABLE_CODE = YES;
				CLANG_WARN__DUPLICATE_METHOD_MATCH = YES;
				"CODE_SIGN_IDENTITY[sdk=iphoneos*]" = "iPhone Developer";
				COPY_PHASE_STRIP = YES;
				ENABLE_NS_ASSERTIONS = NO;
				ENABLE_STRICT_OBJC_MSGSEND = YES;
				GCC_C_LANGUAGE_STANDARD = gnu99;
				GCC_WARN_64_TO_32_BIT_CONVERSION = YES;
				GCC_WARN_ABOUT_RETURN_TYPE = YES_ERROR;
				GCC_WARN_UNDECLARED_SELECTOR = YES;
				GCC_WARN_UNINITIALIZED_AUTOS = YES_AGGRESSIVE;
				GCC_WARN_UNUSED_FUNCTION = YES;
				GCC_WARN_UNUSED_VARIABLE = YES;
				IPHONEOS_DEPLOYMENT_TARGET = 8.1;
				MTL_ENABLE_DEBUG_INFO = NO;
				SDKROOT = iphoneos;
				VALIDATE_PRODUCT = YES;
			};
			name = Release;
		};
		C9A7184E1A467842002A8824 /* Debug */ = {
			isa = XCBuildConfiguration;
			baseConfigurationReference = 2CD4427546863DE673BB9786 /* Pods.debug.xcconfig */;
			buildSettings = {
				ASSETCATALOG_COMPILER_APPICON_NAME = AppIcon;
				INFOPLIST_FILE = MCBouncyButtonExample/Info.plist;
				LD_RUNPATH_SEARCH_PATHS = "$(inherited) @executable_path/Frameworks";
				PRODUCT_NAME = "$(TARGET_NAME)";
			};
			name = Debug;
		};
		C9A7184F1A467842002A8824 /* Release */ = {
			isa = XCBuildConfiguration;
			baseConfigurationReference = 6F5936903E22E41AFE2873D7 /* Pods.release.xcconfig */;
			buildSettings = {
				ASSETCATALOG_COMPILER_APPICON_NAME = AppIcon;
				INFOPLIST_FILE = MCBouncyButtonExample/Info.plist;
				LD_RUNPATH_SEARCH_PATHS = "$(inherited) @executable_path/Frameworks";
				PRODUCT_NAME = "$(TARGET_NAME)";
			};
			name = Release;
		};
		C9A718511A467842002A8824 /* Debug */ = {
			isa = XCBuildConfiguration;
			buildSettings = {
				BUNDLE_LOADER = "$(TEST_HOST)";
				FRAMEWORK_SEARCH_PATHS = (
					"$(SDKROOT)/Developer/Library/Frameworks",
					"$(inherited)",
				);
				GCC_PREPROCESSOR_DEFINITIONS = (
					"DEBUG=1",
					"$(inherited)",
				);
				INFOPLIST_FILE = MCBouncyButtonExampleTests/Info.plist;
				LD_RUNPATH_SEARCH_PATHS = "$(inherited) @executable_path/Frameworks @loader_path/Frameworks";
				PRODUCT_NAME = "$(TARGET_NAME)";
				TEST_HOST = "$(BUILT_PRODUCTS_DIR)/MCBouncyButtonExample.app/MCBouncyButtonExample";
			};
			name = Debug;
		};
		C9A718521A467842002A8824 /* Release */ = {
			isa = XCBuildConfiguration;
			buildSettings = {
				BUNDLE_LOADER = "$(TEST_HOST)";
				FRAMEWORK_SEARCH_PATHS = (
					"$(SDKROOT)/Developer/Library/Frameworks",
					"$(inherited)",
				);
				INFOPLIST_FILE = MCBouncyButtonExampleTests/Info.plist;
				LD_RUNPATH_SEARCH_PATHS = "$(inherited) @executable_path/Frameworks @loader_path/Frameworks";
				PRODUCT_NAME = "$(TARGET_NAME)";
				TEST_HOST = "$(BUILT_PRODUCTS_DIR)/MCBouncyButtonExample.app/MCBouncyButtonExample";
			};
			name = Release;
		};
/* End XCBuildConfiguration section */

/* Begin XCConfigurationList section */
		C9A718251A467842002A8824 /* Build configuration list for PBXProject "MCBouncyButtonExample" */ = {
			isa = XCConfigurationList;
			buildConfigurations = (
				C9A7184B1A467842002A8824 /* Debug */,
				C9A7184C1A467842002A8824 /* Release */,
			);
			defaultConfigurationIsVisible = 0;
			defaultConfigurationName = Release;
		};
		C9A7184D1A467842002A8824 /* Build configuration list for PBXNativeTarget "MCBouncyButtonExample" */ = {
			isa = XCConfigurationList;
			buildConfigurations = (
				C9A7184E1A467842002A8824 /* Debug */,
				C9A7184F1A467842002A8824 /* Release */,
			);
			defaultConfigurationIsVisible = 0;
			defaultConfigurationName = Release;
		};
		C9A718501A467842002A8824 /* Build configuration list for PBXNativeTarget "MCBouncyButtonExampleTests" */ = {
			isa = XCConfigurationList;
			buildConfigurations = (
				C9A718511A467842002A8824 /* Debug */,
				C9A718521A467842002A8824 /* Release */,
			);
			defaultConfigurationIsVisible = 0;
			defaultConfigurationName = Release;
		};
/* End XCConfigurationList section */
	};
	rootObject = C9A718221A467842002A8824 /* Project object */;
}
